// !$*UTF8*$!
{
	archiveVersion = 1;
	classes = {
	};
	objectVersion = 56;
	objects = {

/* Begin PBXBuildFile section */
		C301B1F02AD31F9800FA3FE1 /* SettingsView.swift in Sources */ = {isa = PBXBuildFile; fileRef = C301B1EF2AD31F9800FA3FE1 /* SettingsView.swift */; };
		C301B1F32AD3214200FA3FE1 /* DataStore.swift in Sources */ = {isa = PBXBuildFile; fileRef = C301B1F22AD3214200FA3FE1 /* DataStore.swift */; };
		C301B1F52AD3541800FA3FE1 /* ProjectView.swift in Sources */ = {isa = PBXBuildFile; fileRef = C301B1F42AD3541800FA3FE1 /* ProjectView.swift */; };
		C301B1F72AD355D000FA3FE1 /* WebView.swift in Sources */ = {isa = PBXBuildFile; fileRef = C301B1F62AD355D000FA3FE1 /* WebView.swift */; };
		C301B1F92AD3590700FA3FE1 /* FilterPopupView.swift in Sources */ = {isa = PBXBuildFile; fileRef = C301B1F82AD3590700FA3FE1 /* FilterPopupView.swift */; };
		C301B1FB2AD35F9200FA3FE1 /* IssueView.swift in Sources */ = {isa = PBXBuildFile; fileRef = C301B1FA2AD35F9200FA3FE1 /* IssueView.swift */; };
		C301B1FD2AD361B100FA3FE1 /* Models.swift in Sources */ = {isa = PBXBuildFile; fileRef = C301B1FC2AD361B100FA3FE1 /* Models.swift */; };
		C301B2002AD36A5700FA3FE1 /* NetworkService.swift in Sources */ = {isa = PBXBuildFile; fileRef = C301B1FF2AD36A5700FA3FE1 /* NetworkService.swift */; };
		C3E6B3552AD1BE250061261A /* CollabHubApp.swift in Sources */ = {isa = PBXBuildFile; fileRef = C3E6B3542AD1BE250061261A /* CollabHubApp.swift */; };
		C3E6B3572AD1BE250061261A /* ContentView.swift in Sources */ = {isa = PBXBuildFile; fileRef = C3E6B3562AD1BE250061261A /* ContentView.swift */; };
		C3E6B3592AD1BE260061261A /* Assets.xcassets in Resources */ = {isa = PBXBuildFile; fileRef = C3E6B3582AD1BE260061261A /* Assets.xcassets */; };
		C3E6B35C2AD1BE260061261A /* Preview Assets.xcassets in Resources */ = {isa = PBXBuildFile; fileRef = C3E6B35B2AD1BE260061261A /* Preview Assets.xcassets */; };
		C3E6B3632AD1BF150061261A /* CustomButton.swift in Sources */ = {isa = PBXBuildFile; fileRef = C3E6B3622AD1BF150061261A /* CustomButton.swift */; };
		C3E6B3652AD1C1940061261A /* Utility.swift in Sources */ = {isa = PBXBuildFile; fileRef = C3E6B3642AD1C1940061261A /* Utility.swift */; };
		C3E6B3672AD1C7EF0061261A /* CategoryView.swift in Sources */ = {isa = PBXBuildFile; fileRef = C3E6B3662AD1C7EF0061261A /* CategoryView.swift */; };
		C3E6B3692AD1C8AE0061261A /* Category.swift in Sources */ = {isa = PBXBuildFile; fileRef = C3E6B3682AD1C8AE0061261A /* Category.swift */; };
		C3E6B36B2AD1C8F60061261A /* CardView.swift in Sources */ = {isa = PBXBuildFile; fileRef = C3E6B36A2AD1C8F60061261A /* CardView.swift */; };
		C3E6B36D2AD1E62B0061261A /* DomainView.swift in Sources */ = {isa = PBXBuildFile; fileRef = C3E6B36C2AD1E62B0061261A /* DomainView.swift */; };
		C3E6B36F2AD209C10061261A /* ListView.swift in Sources */ = {isa = PBXBuildFile; fileRef = C3E6B36E2AD209C10061261A /* ListView.swift */; };
		C3E6B3712AD212BD0061261A /* LanguageView.swift in Sources */ = {isa = PBXBuildFile; fileRef = C3E6B3702AD212BD0061261A /* LanguageView.swift */; };
		C3E6B3732AD262820061261A /* HomeView.swift in Sources */ = {isa = PBXBuildFile; fileRef = C3E6B3722AD262820061261A /* HomeView.swift */; };
/* End PBXBuildFile section */

/* Begin PBXFileReference section */
		C301B1EF2AD31F9800FA3FE1 /* SettingsView.swift */ = {isa = PBXFileReference; lastKnownFileType = sourcecode.swift; path = SettingsView.swift; sourceTree = "<group>"; };
		C301B1F22AD3214200FA3FE1 /* DataStore.swift */ = {isa = PBXFileReference; lastKnownFileType = sourcecode.swift; path = DataStore.swift; sourceTree = "<group>"; };
		C301B1F42AD3541800FA3FE1 /* ProjectView.swift */ = {isa = PBXFileReference; lastKnownFileType = sourcecode.swift; path = ProjectView.swift; sourceTree = "<group>"; };
		C301B1F62AD355D000FA3FE1 /* WebView.swift */ = {isa = PBXFileReference; lastKnownFileType = sourcecode.swift; path = WebView.swift; sourceTree = "<group>"; };
		C301B1F82AD3590700FA3FE1 /* FilterPopupView.swift */ = {isa = PBXFileReference; lastKnownFileType = sourcecode.swift; path = FilterPopupView.swift; sourceTree = "<group>"; };
		C301B1FA2AD35F9200FA3FE1 /* IssueView.swift */ = {isa = PBXFileReference; lastKnownFileType = sourcecode.swift; path = IssueView.swift; sourceTree = "<group>"; };
		C301B1FC2AD361B100FA3FE1 /* Models.swift */ = {isa = PBXFileReference; lastKnownFileType = sourcecode.swift; path = Models.swift; sourceTree = "<group>"; };
		C301B1FF2AD36A5700FA3FE1 /* NetworkService.swift */ = {isa = PBXFileReference; lastKnownFileType = sourcecode.swift; path = NetworkService.swift; sourceTree = "<group>"; };
		C3E6B3512AD1BE250061261A /* CollabHub.app */ = {isa = PBXFileReference; explicitFileType = wrapper.application; includeInIndex = 0; path = CollabHub.app; sourceTree = BUILT_PRODUCTS_DIR; };
		C3E6B3542AD1BE250061261A /* CollabHubApp.swift */ = {isa = PBXFileReference; lastKnownFileType = sourcecode.swift; path = CollabHubApp.swift; sourceTree = "<group>"; };
		C3E6B3562AD1BE250061261A /* ContentView.swift */ = {isa = PBXFileReference; lastKnownFileType = sourcecode.swift; path = ContentView.swift; sourceTree = "<group>"; };
		C3E6B3582AD1BE260061261A /* Assets.xcassets */ = {isa = PBXFileReference; lastKnownFileType = folder.assetcatalog; path = Assets.xcassets; sourceTree = "<group>"; };
		C3E6B35B2AD1BE260061261A /* Preview Assets.xcassets */ = {isa = PBXFileReference; lastKnownFileType = folder.assetcatalog; path = "Preview Assets.xcassets"; sourceTree = "<group>"; };
		C3E6B3622AD1BF150061261A /* CustomButton.swift */ = {isa = PBXFileReference; lastKnownFileType = sourcecode.swift; path = CustomButton.swift; sourceTree = "<group>"; };
		C3E6B3642AD1C1940061261A /* Utility.swift */ = {isa = PBXFileReference; lastKnownFileType = sourcecode.swift; path = Utility.swift; sourceTree = "<group>"; };
		C3E6B3662AD1C7EF0061261A /* CategoryView.swift */ = {isa = PBXFileReference; lastKnownFileType = sourcecode.swift; path = CategoryView.swift; sourceTree = "<group>"; };
		C3E6B3682AD1C8AE0061261A /* Category.swift */ = {isa = PBXFileReference; lastKnownFileType = sourcecode.swift; path = Category.swift; sourceTree = "<group>"; };
		C3E6B36A2AD1C8F60061261A /* CardView.swift */ = {isa = PBXFileReference; lastKnownFileType = sourcecode.swift; path = CardView.swift; sourceTree = "<group>"; };
		C3E6B36C2AD1E62B0061261A /* DomainView.swift */ = {isa = PBXFileReference; lastKnownFileType = sourcecode.swift; path = DomainView.swift; sourceTree = "<group>"; };
		C3E6B36E2AD209C10061261A /* ListView.swift */ = {isa = PBXFileReference; lastKnownFileType = sourcecode.swift; path = ListView.swift; sourceTree = "<group>"; };
		C3E6B3702AD212BD0061261A /* LanguageView.swift */ = {isa = PBXFileReference; lastKnownFileType = sourcecode.swift; path = LanguageView.swift; sourceTree = "<group>"; };
		C3E6B3722AD262820061261A /* HomeView.swift */ = {isa = PBXFileReference; lastKnownFileType = sourcecode.swift; path = HomeView.swift; sourceTree = "<group>"; };
/* End PBXFileReference section */

/* Begin PBXFrameworksBuildPhase section */
		C3E6B34E2AD1BE250061261A /* Frameworks */ = {
			isa = PBXFrameworksBuildPhase;
			buildActionMask = 2147483647;
			files = (
			);
			runOnlyForDeploymentPostprocessing = 0;
		};
/* End PBXFrameworksBuildPhase section */

/* Begin PBXGroup section */
		C301B1F12AD3213000FA3FE1 /* DataStore */ = {
			isa = PBXGroup;
			children = (
				C301B1F22AD3214200FA3FE1 /* DataStore.swift */,
				C301B1FC2AD361B100FA3FE1 /* Models.swift */,
			);
			path = DataStore;
			sourceTree = "<group>";
		};
		C301B1FE2AD369F200FA3FE1 /* WebServices */ = {
			isa = PBXGroup;
			children = (
				C301B1FF2AD36A5700FA3FE1 /* NetworkService.swift */,
			);
			path = WebServices;
			sourceTree = "<group>";
		};
		C3E6B3482AD1BE250061261A = {
			isa = PBXGroup;
			children = (
				C3E6B3532AD1BE250061261A /* CollabHub */,
				C3E6B3522AD1BE250061261A /* Products */,
			);
			sourceTree = "<group>";
		};
		C3E6B3522AD1BE250061261A /* Products */ = {
			isa = PBXGroup;
			children = (
				C3E6B3512AD1BE250061261A /* CollabHub.app */,
			);
			name = Products;
			sourceTree = "<group>";
		};
		C3E6B3532AD1BE250061261A /* CollabHub */ = {
			isa = PBXGroup;
			children = (
				C301B1FE2AD369F200FA3FE1 /* WebServices */,
				C3E6B3542AD1BE250061261A /* CollabHubApp.swift */,
				C3E6B3562AD1BE250061261A /* ContentView.swift */,
				C3E6B3622AD1BF150061261A /* CustomButton.swift */,
				C3E6B3642AD1C1940061261A /* Utility.swift */,
				C3E6B3662AD1C7EF0061261A /* CategoryView.swift */,
				C3E6B36C2AD1E62B0061261A /* DomainView.swift */,
				C3E6B3702AD212BD0061261A /* LanguageView.swift */,
				C3E6B3682AD1C8AE0061261A /* Category.swift */,
				C3E6B36A2AD1C8F60061261A /* CardView.swift */,
				C3E6B36E2AD209C10061261A /* ListView.swift */,
				C3E6B3722AD262820061261A /* HomeView.swift */,
				C301B1EF2AD31F9800FA3FE1 /* SettingsView.swift */,
				C301B1F42AD3541800FA3FE1 /* ProjectView.swift */,
				C301B1FA2AD35F9200FA3FE1 /* IssueView.swift */,
				C301B1F62AD355D000FA3FE1 /* WebView.swift */,
				C301B1F82AD3590700FA3FE1 /* FilterPopupView.swift */,
				C301B1F12AD3213000FA3FE1 /* DataStore */,
				C3E6B3582AD1BE260061261A /* Assets.xcassets */,
				C3E6B35A2AD1BE260061261A /* Preview Content */,
			);
			path = CollabHub;
			sourceTree = "<group>";
		};
		C3E6B35A2AD1BE260061261A /* Preview Content */ = {
			isa = PBXGroup;
			children = (
				C3E6B35B2AD1BE260061261A /* Preview Assets.xcassets */,
			);
			path = "Preview Content";
			sourceTree = "<group>";
		};
/* End PBXGroup section */

/* Begin PBXNativeTarget section */
		C3E6B3502AD1BE250061261A /* CollabHub */ = {
			isa = PBXNativeTarget;
			buildConfigurationList = C3E6B35F2AD1BE260061261A /* Build configuration list for PBXNativeTarget "CollabHub" */;
			buildPhases = (
				C3E6B34D2AD1BE250061261A /* Sources */,
				C3E6B34E2AD1BE250061261A /* Frameworks */,
				C3E6B34F2AD1BE250061261A /* Resources */,
			);
			buildRules = (
			);
			dependencies = (
			);
			name = CollabHub;
			productName = CollabHub;
			productReference = C3E6B3512AD1BE250061261A /* CollabHub.app */;
			productType = "com.apple.product-type.application";
		};
/* End PBXNativeTarget section */

/* Begin PBXProject section */
		C3E6B3492AD1BE250061261A /* Project object */ = {
			isa = PBXProject;
			attributes = {
				BuildIndependentTargetsInParallel = 1;
				LastSwiftUpdateCheck = 1500;
				LastUpgradeCheck = 1500;
				TargetAttributes = {
					C3E6B3502AD1BE250061261A = {
						CreatedOnToolsVersion = 15.0;
					};
				};
			};
			buildConfigurationList = C3E6B34C2AD1BE250061261A /* Build configuration list for PBXProject "CollabHub" */;
			compatibilityVersion = "Xcode 14.0";
			developmentRegion = en;
			hasScannedForEncodings = 0;
			knownRegions = (
				en,
				Base,
			);
			mainGroup = C3E6B3482AD1BE250061261A;
			productRefGroup = C3E6B3522AD1BE250061261A /* Products */;
			projectDirPath = "";
			projectRoot = "";
			targets = (
				C3E6B3502AD1BE250061261A /* CollabHub */,
			);
		};
/* End PBXProject section */

/* Begin PBXResourcesBuildPhase section */
		C3E6B34F2AD1BE250061261A /* Resources */ = {
			isa = PBXResourcesBuildPhase;
			buildActionMask = 2147483647;
			files = (
				C3E6B35C2AD1BE260061261A /* Preview Assets.xcassets in Resources */,
				C3E6B3592AD1BE260061261A /* Assets.xcassets in Resources */,
			);
			runOnlyForDeploymentPostprocessing = 0;
		};
/* End PBXResourcesBuildPhase section */

/* Begin PBXSourcesBuildPhase section */
		C3E6B34D2AD1BE250061261A /* Sources */ = {
			isa = PBXSourcesBuildPhase;
			buildActionMask = 2147483647;
			files = (
				C301B1F32AD3214200FA3FE1 /* DataStore.swift in Sources */,
				C3E6B36B2AD1C8F60061261A /* CardView.swift in Sources */,
				C3E6B3652AD1C1940061261A /* Utility.swift in Sources */,
				C3E6B3572AD1BE250061261A /* ContentView.swift in Sources */,
				C301B1F52AD3541800FA3FE1 /* ProjectView.swift in Sources */,
				C301B1F92AD3590700FA3FE1 /* FilterPopupView.swift in Sources */,
				C3E6B3552AD1BE250061261A /* CollabHubApp.swift in Sources */,
				C301B1F72AD355D000FA3FE1 /* WebView.swift in Sources */,
				C3E6B3712AD212BD0061261A /* LanguageView.swift in Sources */,
				C3E6B3732AD262820061261A /* HomeView.swift in Sources */,
				C3E6B3632AD1BF150061261A /* CustomButton.swift in Sources */,
				C3E6B3672AD1C7EF0061261A /* CategoryView.swift in Sources */,
				C3E6B36D2AD1E62B0061261A /* DomainView.swift in Sources */,
				C301B1FB2AD35F9200FA3FE1 /* IssueView.swift in Sources */,
				C301B1F02AD31F9800FA3FE1 /* SettingsView.swift in Sources */,
				C301B2002AD36A5700FA3FE1 /* NetworkService.swift in Sources */,
				C301B1FD2AD361B100FA3FE1 /* Models.swift in Sources */,
				C3E6B3692AD1C8AE0061261A /* Category.swift in Sources */,
				C3E6B36F2AD209C10061261A /* ListView.swift in Sources */,
			);
			runOnlyForDeploymentPostprocessing = 0;
		};
/* End PBXSourcesBuildPhase section */

/* Begin XCBuildConfiguration section */
		C3E6B35D2AD1BE260061261A /* Debug */ = {
			isa = XCBuildConfiguration;
			buildSettings = {
				ALWAYS_SEARCH_USER_PATHS = NO;
				ASSETCATALOG_COMPILER_GENERATE_SWIFT_ASSET_SYMBOL_EXTENSIONS = YES;
				CLANG_ANALYZER_NONNULL = YES;
				CLANG_ANALYZER_NUMBER_OBJECT_CONVERSION = YES_AGGRESSIVE;
				CLANG_CXX_LANGUAGE_STANDARD = "gnu++20";
				CLANG_ENABLE_MODULES = YES;
				CLANG_ENABLE_OBJC_ARC = YES;
				CLANG_ENABLE_OBJC_WEAK = YES;
				CLANG_WARN_BLOCK_CAPTURE_AUTORELEASING = YES;
				CLANG_WARN_BOOL_CONVERSION = YES;
				CLANG_WARN_COMMA = YES;
				CLANG_WARN_CONSTANT_CONVERSION = YES;
				CLANG_WARN_DEPRECATED_OBJC_IMPLEMENTATIONS = YES;
				CLANG_WARN_DIRECT_OBJC_ISA_USAGE = YES_ERROR;
				CLANG_WARN_DOCUMENTATION_COMMENTS = YES;
				CLANG_WARN_EMPTY_BODY = YES;
				CLANG_WARN_ENUM_CONVERSION = YES;
				CLANG_WARN_INFINITE_RECURSION = YES;
				CLANG_WARN_INT_CONVERSION = YES;
				CLANG_WARN_NON_LITERAL_NULL_CONVERSION = YES;
				CLANG_WARN_OBJC_IMPLICIT_RETAIN_SELF = YES;
				CLANG_WARN_OBJC_LITERAL_CONVERSION = YES;
				CLANG_WARN_OBJC_ROOT_CLASS = YES_ERROR;
				CLANG_WARN_QUOTED_INCLUDE_IN_FRAMEWORK_HEADER = YES;
				CLANG_WARN_RANGE_LOOP_ANALYSIS = YES;
				CLANG_WARN_STRICT_PROTOTYPES = YES;
				CLANG_WARN_SUSPICIOUS_MOVE = YES;
				CLANG_WARN_UNGUARDED_AVAILABILITY = YES_AGGRESSIVE;
				CLANG_WARN_UNREACHABLE_CODE = YES;
				CLANG_WARN__DUPLICATE_METHOD_MATCH = YES;
				COPY_PHASE_STRIP = NO;
				DEBUG_INFORMATION_FORMAT = dwarf;
				ENABLE_STRICT_OBJC_MSGSEND = YES;
				ENABLE_TESTABILITY = YES;
				ENABLE_USER_SCRIPT_SANDBOXING = YES;
				GCC_C_LANGUAGE_STANDARD = gnu17;
				GCC_DYNAMIC_NO_PIC = NO;
				GCC_NO_COMMON_BLOCKS = YES;
				GCC_OPTIMIZATION_LEVEL = 0;
				GCC_PREPROCESSOR_DEFINITIONS = (
					"DEBUG=1",
					"$(inherited)",
				);
				GCC_WARN_64_TO_32_BIT_CONVERSION = YES;
				GCC_WARN_ABOUT_RETURN_TYPE = YES_ERROR;
				GCC_WARN_UNDECLARED_SELECTOR = YES;
				GCC_WARN_UNINITIALIZED_AUTOS = YES_AGGRESSIVE;
				GCC_WARN_UNUSED_FUNCTION = YES;
				GCC_WARN_UNUSED_VARIABLE = YES;
				IPHONEOS_DEPLOYMENT_TARGET = 17.0;
				LOCALIZATION_PREFERS_STRING_CATALOGS = YES;
				MTL_ENABLE_DEBUG_INFO = INCLUDE_SOURCE;
				MTL_FAST_MATH = YES;
				ONLY_ACTIVE_ARCH = YES;
				SDKROOT = iphoneos;
				SWIFT_ACTIVE_COMPILATION_CONDITIONS = "DEBUG $(inherited)";
				SWIFT_OPTIMIZATION_LEVEL = "-Onone";
			};
			name = Debug;
		};
		C3E6B35E2AD1BE260061261A /* Release */ = {
			isa = XCBuildConfiguration;
			buildSettings = {
				ALWAYS_SEARCH_USER_PATHS = NO;
				ASSETCATALOG_COMPILER_GENERATE_SWIFT_ASSET_SYMBOL_EXTENSIONS = YES;
				CLANG_ANALYZER_NONNULL = YES;
				CLANG_ANALYZER_NUMBER_OBJECT_CONVERSION = YES_AGGRESSIVE;
				CLANG_CXX_LANGUAGE_STANDARD = "gnu++20";
				CLANG_ENABLE_MODULES = YES;
				CLANG_ENABLE_OBJC_ARC = YES;
				CLANG_ENABLE_OBJC_WEAK = YES;
				CLANG_WARN_BLOCK_CAPTURE_AUTORELEASING = YES;
				CLANG_WARN_BOOL_CONVERSION = YES;
				CLANG_WARN_COMMA = YES;
				CLANG_WARN_CONSTANT_CONVERSION = YES;
				CLANG_WARN_DEPRECATED_OBJC_IMPLEMENTATIONS = YES;
				CLANG_WARN_DIRECT_OBJC_ISA_USAGE = YES_ERROR;
				CLANG_WARN_DOCUMENTATION_COMMENTS = YES;
				CLANG_WARN_EMPTY_BODY = YES;
				CLANG_WARN_ENUM_CONVERSION = YES;
				CLANG_WARN_INFINITE_RECURSION = YES;
				CLANG_WARN_INT_CONVERSION = YES;
				CLANG_WARN_NON_LITERAL_NULL_CONVERSION = YES;
				CLANG_WARN_OBJC_IMPLICIT_RETAIN_SELF = YES;
				CLANG_WARN_OBJC_LITERAL_CONVERSION = YES;
				CLANG_WARN_OBJC_ROOT_CLASS = YES_ERROR;
				CLANG_WARN_QUOTED_INCLUDE_IN_FRAMEWORK_HEADER = YES;
				CLANG_WARN_RANGE_LOOP_ANALYSIS = YES;
				CLANG_WARN_STRICT_PROTOTYPES = YES;
				CLANG_WARN_SUSPICIOUS_MOVE = YES;
				CLANG_WARN_UNGUARDED_AVAILABILITY = YES_AGGRESSIVE;
				CLANG_WARN_UNREACHABLE_CODE = YES;
				CLANG_WARN__DUPLICATE_METHOD_MATCH = YES;
				COPY_PHASE_STRIP = NO;
				DEBUG_INFORMATION_FORMAT = "dwarf-with-dsym";
				ENABLE_NS_ASSERTIONS = NO;
				ENABLE_STRICT_OBJC_MSGSEND = YES;
				ENABLE_USER_SCRIPT_SANDBOXING = YES;
				GCC_C_LANGUAGE_STANDARD = gnu17;
				GCC_NO_COMMON_BLOCKS = YES;
				GCC_WARN_64_TO_32_BIT_CONVERSION = YES;
				GCC_WARN_ABOUT_RETURN_TYPE = YES_ERROR;
				GCC_WARN_UNDECLARED_SELECTOR = YES;
				GCC_WARN_UNINITIALIZED_AUTOS = YES_AGGRESSIVE;
				GCC_WARN_UNUSED_FUNCTION = YES;
				GCC_WARN_UNUSED_VARIABLE = YES;
				IPHONEOS_DEPLOYMENT_TARGET = 17.0;
				LOCALIZATION_PREFERS_STRING_CATALOGS = YES;
				MTL_ENABLE_DEBUG_INFO = NO;
				MTL_FAST_MATH = YES;
				SDKROOT = iphoneos;
				SWIFT_COMPILATION_MODE = wholemodule;
				VALIDATE_PRODUCT = YES;
			};
			name = Release;
		};
		C3E6B3602AD1BE260061261A /* Debug */ = {
			isa = XCBuildConfiguration;
			buildSettings = {
				ASSETCATALOG_COMPILER_APPICON_NAME = AppIcon;
				ASSETCATALOG_COMPILER_GLOBAL_ACCENT_COLOR_NAME = AccentColor;
				CODE_SIGN_STYLE = Automatic;
				CURRENT_PROJECT_VERSION = 1;
				DEVELOPMENT_ASSET_PATHS = "\"CollabHub/Preview Content\"";
				DEVELOPMENT_TEAM = TL96ZEPKN3;
				ENABLE_PREVIEWS = YES;
				GENERATE_INFOPLIST_FILE = YES;
				INFOPLIST_KEY_UIApplicationSceneManifest_Generation = YES;
				INFOPLIST_KEY_UIApplicationSupportsIndirectInputEvents = YES;
				INFOPLIST_KEY_UILaunchScreen_Generation = YES;
				INFOPLIST_KEY_UISupportedInterfaceOrientations_iPad = "UIInterfaceOrientationPortrait UIInterfaceOrientationPortraitUpsideDown UIInterfaceOrientationLandscapeLeft UIInterfaceOrientationLandscapeRight";
				INFOPLIST_KEY_UISupportedInterfaceOrientations_iPhone = "UIInterfaceOrientationPortrait UIInterfaceOrientationLandscapeLeft UIInterfaceOrientationLandscapeRight";
				LD_RUNPATH_SEARCH_PATHS = (
					"$(inherited)",
					"@executable_path/Frameworks",
				);
				MARKETING_VERSION = 1.0;
				PRODUCT_BUNDLE_IDENTIFIER = rms.nasa.CollabHub;
				PRODUCT_NAME = "$(TARGET_NAME)";
				SWIFT_EMIT_LOC_STRINGS = YES;
				SWIFT_VERSION = 5.0;
				TARGETED_DEVICE_FAMILY = "1,2";
			};
			name = Debug;
		};
		C3E6B3612AD1BE260061261A /* Release */ = {
			isa = XCBuildConfiguration;
			buildSettings = {
				ASSETCATALOG_COMPILER_APPICON_NAME = AppIcon;
				ASSETCATALOG_COMPILER_GLOBAL_ACCENT_COLOR_NAME = AccentColor;
				CODE_SIGN_STYLE = Automatic;
				CURRENT_PROJECT_VERSION = 1;
				DEVELOPMENT_ASSET_PATHS = "\"CollabHub/Preview Content\"";
				DEVELOPMENT_TEAM = TL96ZEPKN3;
				ENABLE_PREVIEWS = YES;
				GENERATE_INFOPLIST_FILE = YES;
				INFOPLIST_KEY_UIApplicationSceneManifest_Generation = YES;
				INFOPLIST_KEY_UIApplicationSupportsIndirectInputEvents = YES;
				INFOPLIST_KEY_UILaunchScreen_Generation = YES;
				INFOPLIST_KEY_UISupportedInterfaceOrientations_iPad = "UIInterfaceOrientationPortrait UIInterfaceOrientationPortraitUpsideDown UIInterfaceOrientationLandscapeLeft UIInterfaceOrientationLandscapeRight";
				INFOPLIST_KEY_UISupportedInterfaceOrientations_iPhone = "UIInterfaceOrientationPortrait UIInterfaceOrientationLandscapeLeft UIInterfaceOrientationLandscapeRight";
				LD_RUNPATH_SEARCH_PATHS = (
					"$(inherited)",
					"@executable_path/Frameworks",
				);
				MARKETING_VERSION = 1.0;
				PRODUCT_BUNDLE_IDENTIFIER = rms.nasa.CollabHub;
				PRODUCT_NAME = "$(TARGET_NAME)";
				SWIFT_EMIT_LOC_STRINGS = YES;
				SWIFT_VERSION = 5.0;
				TARGETED_DEVICE_FAMILY = "1,2";
			};
			name = Release;
		};
/* End XCBuildConfiguration section */

/* Begin XCConfigurationList section */
		C3E6B34C2AD1BE250061261A /* Build configuration list for PBXProject "CollabHub" */ = {
			isa = XCConfigurationList;
			buildConfigurations = (
				C3E6B35D2AD1BE260061261A /* Debug */,
				C3E6B35E2AD1BE260061261A /* Release */,
			);
			defaultConfigurationIsVisible = 0;
			defaultConfigurationName = Release;
		};
		C3E6B35F2AD1BE260061261A /* Build configuration list for PBXNativeTarget "CollabHub" */ = {
			isa = XCConfigurationList;
			buildConfigurations = (
				C3E6B3602AD1BE260061261A /* Debug */,
				C3E6B3612AD1BE260061261A /* Release */,
			);
			defaultConfigurationIsVisible = 0;
			defaultConfigurationName = Release;
		};
/* End XCConfigurationList section */
	};
	rootObject = C3E6B3492AD1BE250061261A /* Project object */;
}
